
Microsoft Visual Studio Solution File, Format Version 12.00
# Visual Studio Version 16
VisualStudioVersion = 16.0.30114.105
MinimumVisualStudioVersion = 10.0.40219.1
Project("{FAE04EC0-301F-11D3-BF4B-00C04F79EFBC}") = "Program1", "Program1\Program1.csproj", "{66AF6C1E-0BB8-4AA8-AAC7-7384605BD631}"
EndProject
Global
	GlobalSection(SolutionConfigurationPlatforms) = preSolution
		Debug|Any CPU = Debug|Any CPU
		Release|Any CPU = Release|Any CPU
	EndGlobalSection
	GlobalSection(ProjectConfigurationPlatforms) = postSolution
		{66AF6C1E-0BB8-4AA8-AAC7-7384605BD631}.Debug|Any CPU.ActiveCfg = Debug|Any CPU
		{66AF6C1E-0BB8-4AA8-AAC7-7384605BD631}.Debug|Any CPU.Build.0 = Debug|Any CPU
		{66AF6C1E-0BB8-4AA8-AAC7-7384605BD631}.Release|Any CPU.ActiveCfg = Release|Any CPU
		{66AF6C1E-0BB8-4AA8-AAC7-7384605BD631}.Release|Any CPU.Build.0 = Release|Any CPU
	EndGlobalSection
	GlobalSection(SolutionProperties) = preSolution
		HideSolutionNode = FALSE
	EndGlobalSection
	GlobalSection(ExtensibilityGlobals) = postSolution
		SolutionGuid = {ADBA8C7B-A359-4290-BEF6-469A0FB3A7B0}
	EndGlobalSection
EndGlobal
